
Microsoft Visual Studio Solution File, Format Version 12.00
# Visual Studio Version 16
VisualStudioVersion = 16.0.31321.278
MinimumVisualStudioVersion = 10.0.40219.1
Project("{9A19103F-16F7-4668-BE54-9A1E7A4F7556}") = "SAE_2.01", "SAE_2.01\SAE_2.01.csproj", "{C6986299-B748-4FC1-95F4-D7F0C20EE883}"
EndProject
Project("{FAE04EC0-301F-11D3-BF4B-00C04F79EFBC}") = "SAE_2.01Tests", "SAE_2.01Tests\SAE_2.01Tests.csproj", "{58DC5C3E-14C3-462B-AB3A-FD83BC42B530}"
EndProject
Global
	GlobalSection(SolutionConfigurationPlatforms) = preSolution
		Debug|Any CPU = Debug|Any CPU
		Release|Any CPU = Release|Any CPU
	EndGlobalSection
	GlobalSection(ProjectConfigurationPlatforms) = postSolution
		{C6986299-B748-4FC1-95F4-D7F0C20EE883}.Debug|Any CPU.ActiveCfg = Debug|Any CPU
		{C6986299-B748-4FC1-95F4-D7F0C20EE883}.Debug|Any CPU.Build.0 = Debug|Any CPU
		{C6986299-B748-4FC1-95F4-D7F0C20EE883}.Release|Any CPU.ActiveCfg = Release|Any CPU
		{C6986299-B748-4FC1-95F4-D7F0C20EE883}.Release|Any CPU.Build.0 = Release|Any CPU
		{58DC5C3E-14C3-462B-AB3A-FD83BC42B530}.Debug|Any CPU.ActiveCfg = Debug|Any CPU
		{58DC5C3E-14C3-462B-AB3A-FD83BC42B530}.Debug|Any CPU.Build.0 = Debug|Any CPU
		{58DC5C3E-14C3-462B-AB3A-FD83BC42B530}.Release|Any CPU.ActiveCfg = Release|Any CPU
		{58DC5C3E-14C3-462B-AB3A-FD83BC42B530}.Release|Any CPU.Build.0 = Release|Any CPU
	EndGlobalSection
	GlobalSection(SolutionProperties) = preSolution
		HideSolutionNode = FALSE
	EndGlobalSection
	GlobalSection(ExtensibilityGlobals) = postSolution
		SolutionGuid = {29B0EF20-B4DF-46CC-ACE1-018BECF641AD}
	EndGlobalSection
EndGlobal
